// !$*UTF8*$!
{
	archiveVersion = 1;
	classes = {
	};
	objectVersion = 56;
	objects = {

/* Begin PBXBuildFile section */
		C290B41F298979AF0010ED7C /* AppDelegate.swift in Sources */ = {isa = PBXBuildFile; fileRef = C290B41E298979AF0010ED7C /* AppDelegate.swift */; };
		C290B421298979AF0010ED7C /* SceneDelegate.swift in Sources */ = {isa = PBXBuildFile; fileRef = C290B420298979AF0010ED7C /* SceneDelegate.swift */; };
		C290B423298979AF0010ED7C /* ViewController.swift in Sources */ = {isa = PBXBuildFile; fileRef = C290B422298979AF0010ED7C /* ViewController.swift */; };
		C290B428298979AF0010ED7C /* Assets.xcassets in Resources */ = {isa = PBXBuildFile; fileRef = C290B427298979AF0010ED7C /* Assets.xcassets */; };
		C290B42B298979AF0010ED7C /* LaunchScreen.storyboard in Resources */ = {isa = PBXBuildFile; fileRef = C290B429298979AF0010ED7C /* LaunchScreen.storyboard */; };
		C290B45629897F740010ED7C /* Resolver in Frameworks */ = {isa = PBXBuildFile; productRef = C290B45529897F740010ED7C /* Resolver */; };
		C290B459298981BB0010ED7C /* HttpRequest.swift in Sources */ = {isa = PBXBuildFile; fileRef = C290B458298981BB0010ED7C /* HttpRequest.swift */; };
		C290B45B298986A40010ED7C /* HttpError.swift in Sources */ = {isa = PBXBuildFile; fileRef = C290B45A298986A40010ED7C /* HttpError.swift */; };
		C290B45E298987180010ED7C /* HttpResponse.swift in Sources */ = {isa = PBXBuildFile; fileRef = C290B45D298987180010ED7C /* HttpResponse.swift */; };
		C290B46029898BF70010ED7C /* RequestFactory.swift in Sources */ = {isa = PBXBuildFile; fileRef = C290B45F29898BF70010ED7C /* RequestFactory.swift */; };
		C290B46529898CA60010ED7C /* APIConstants.swift in Sources */ = {isa = PBXBuildFile; fileRef = C290B46429898CA60010ED7C /* APIConstants.swift */; };
		C290B46729898EAF0010ED7C /* DependencyInjection.swift in Sources */ = {isa = PBXBuildFile; fileRef = C290B46629898EAF0010ED7C /* DependencyInjection.swift */; };
		C290B46B298991140010ED7C /* HttpResponseTests.swift in Sources */ = {isa = PBXBuildFile; fileRef = C290B46A298991140010ED7C /* HttpResponseTests.swift */; };
		C290B46D298995FA0010ED7C /* HttpRequestTests.swift in Sources */ = {isa = PBXBuildFile; fileRef = C290B46C298995FA0010ED7C /* HttpRequestTests.swift */; };
		C290B46F298996A70010ED7C /* IURLSession.swift in Sources */ = {isa = PBXBuildFile; fileRef = C290B46E298996A70010ED7C /* IURLSession.swift */; };
		C290B472298A83400010ED7C /* MockURLSession.swift in Sources */ = {isa = PBXBuildFile; fileRef = C290B471298A83400010ED7C /* MockURLSession.swift */; };
		C290B474298A91030010ED7C /* RequestFactoryTests.swift in Sources */ = {isa = PBXBuildFile; fileRef = C290B473298A91030010ED7C /* RequestFactoryTests.swift */; };
		C290B47A298A96330010ED7C /* ICharactersRepository.swift in Sources */ = {isa = PBXBuildFile; fileRef = C290B479298A96330010ED7C /* ICharactersRepository.swift */; };
		C290B47C298A97060010ED7C /* CharactersRepository.swift in Sources */ = {isa = PBXBuildFile; fileRef = C290B47B298A97060010ED7C /* CharactersRepository.swift */; };
		C290B47F298A97810010ED7C /* Character.swift in Sources */ = {isa = PBXBuildFile; fileRef = C290B47E298A97810010ED7C /* Character.swift */; };
		C290B483298A9D060010ED7C /* CharactersReponse.swift in Sources */ = {isa = PBXBuildFile; fileRef = C290B482298A9D060010ED7C /* CharactersReponse.swift */; };
		C290B487298AB2110010ED7C /* IHttpRequest.swift in Sources */ = {isa = PBXBuildFile; fileRef = C290B486298AB2110010ED7C /* IHttpRequest.swift */; };
		C290B489298AB3BF0010ED7C /* IRequestFactory.swift in Sources */ = {isa = PBXBuildFile; fileRef = C290B488298AB3BF0010ED7C /* IRequestFactory.swift */; };
		C2A8AC57298AC4A70068028C /* CharactersRepositoryTests.swift in Sources */ = {isa = PBXBuildFile; fileRef = C2A8AC56298AC4A70068028C /* CharactersRepositoryTests.swift */; };
		C2A8AC59298AC57D0068028C /* MockRequestFactory.swift in Sources */ = {isa = PBXBuildFile; fileRef = C2A8AC58298AC57D0068028C /* MockRequestFactory.swift */; };
		C2A8AC5C298ACEA00068028C /* ILoadCharactersUseCase.swift in Sources */ = {isa = PBXBuildFile; fileRef = C2A8AC5B298ACEA00068028C /* ILoadCharactersUseCase.swift */; };
		C2A8AC5F298ACEF20068028C /* LoadCharactersUseCase.swift in Sources */ = {isa = PBXBuildFile; fileRef = C2A8AC5E298ACEF20068028C /* LoadCharactersUseCase.swift */; };
		C2A8AC63298AD0E00068028C /* LoadCharactersUseCaseTests.swift in Sources */ = {isa = PBXBuildFile; fileRef = C2A8AC62298AD0E00068028C /* LoadCharactersUseCaseTests.swift */; };
		C2A8AC65298AD12C0068028C /* MockCharactersRepository.swift in Sources */ = {isa = PBXBuildFile; fileRef = C2A8AC64298AD12C0068028C /* MockCharactersRepository.swift */; };
		C2A8AC69298AD5770068028C /* CharacterList.json in Resources */ = {isa = PBXBuildFile; fileRef = C2A8AC68298AD5770068028C /* CharacterList.json */; };
		C2A8AC6B298AD6350068028C /* FileLoader.swift in Sources */ = {isa = PBXBuildFile; fileRef = C2A8AC6A298AD6350068028C /* FileLoader.swift */; };
/* End PBXBuildFile section */

/* Begin PBXContainerItemProxy section */
		C290B432298979AF0010ED7C /* PBXContainerItemProxy */ = {
			isa = PBXContainerItemProxy;
			containerPortal = C290B413298979AF0010ED7C /* Project object */;
			proxyType = 1;
			remoteGlobalIDString = C290B41A298979AF0010ED7C;
			remoteInfo = RickAndMortyTex;
		};
/* End PBXContainerItemProxy section */

/* Begin PBXFileReference section */
		C290B41B298979AF0010ED7C /* RickAndMortyTex.app */ = {isa = PBXFileReference; explicitFileType = wrapper.application; includeInIndex = 0; path = RickAndMortyTex.app; sourceTree = BUILT_PRODUCTS_DIR; };
		C290B41E298979AF0010ED7C /* AppDelegate.swift */ = {isa = PBXFileReference; lastKnownFileType = sourcecode.swift; path = AppDelegate.swift; sourceTree = "<group>"; };
		C290B420298979AF0010ED7C /* SceneDelegate.swift */ = {isa = PBXFileReference; lastKnownFileType = sourcecode.swift; path = SceneDelegate.swift; sourceTree = "<group>"; };
		C290B422298979AF0010ED7C /* ViewController.swift */ = {isa = PBXFileReference; lastKnownFileType = sourcecode.swift; path = ViewController.swift; sourceTree = "<group>"; };
		C290B427298979AF0010ED7C /* Assets.xcassets */ = {isa = PBXFileReference; lastKnownFileType = folder.assetcatalog; path = Assets.xcassets; sourceTree = "<group>"; };
		C290B42A298979AF0010ED7C /* Base */ = {isa = PBXFileReference; lastKnownFileType = file.storyboard; name = Base; path = Base.lproj/LaunchScreen.storyboard; sourceTree = "<group>"; };
		C290B42C298979AF0010ED7C /* Info.plist */ = {isa = PBXFileReference; lastKnownFileType = text.plist.xml; path = Info.plist; sourceTree = "<group>"; };
		C290B431298979AF0010ED7C /* RickAndMortyTexTests.xctest */ = {isa = PBXFileReference; explicitFileType = wrapper.cfbundle; includeInIndex = 0; path = RickAndMortyTexTests.xctest; sourceTree = BUILT_PRODUCTS_DIR; };
		C290B458298981BB0010ED7C /* HttpRequest.swift */ = {isa = PBXFileReference; lastKnownFileType = sourcecode.swift; path = HttpRequest.swift; sourceTree = "<group>"; };
		C290B45A298986A40010ED7C /* HttpError.swift */ = {isa = PBXFileReference; lastKnownFileType = sourcecode.swift; path = HttpError.swift; sourceTree = "<group>"; };
		C290B45D298987180010ED7C /* HttpResponse.swift */ = {isa = PBXFileReference; lastKnownFileType = sourcecode.swift; path = HttpResponse.swift; sourceTree = "<group>"; };
		C290B45F29898BF70010ED7C /* RequestFactory.swift */ = {isa = PBXFileReference; lastKnownFileType = sourcecode.swift; path = RequestFactory.swift; sourceTree = "<group>"; };
		C290B46429898CA60010ED7C /* APIConstants.swift */ = {isa = PBXFileReference; lastKnownFileType = sourcecode.swift; path = APIConstants.swift; sourceTree = "<group>"; };
		C290B46629898EAF0010ED7C /* DependencyInjection.swift */ = {isa = PBXFileReference; lastKnownFileType = sourcecode.swift; path = DependencyInjection.swift; sourceTree = "<group>"; };
		C290B46A298991140010ED7C /* HttpResponseTests.swift */ = {isa = PBXFileReference; lastKnownFileType = sourcecode.swift; path = HttpResponseTests.swift; sourceTree = "<group>"; };
		C290B46C298995FA0010ED7C /* HttpRequestTests.swift */ = {isa = PBXFileReference; lastKnownFileType = sourcecode.swift; path = HttpRequestTests.swift; sourceTree = "<group>"; };
		C290B46E298996A70010ED7C /* IURLSession.swift */ = {isa = PBXFileReference; lastKnownFileType = sourcecode.swift; path = IURLSession.swift; sourceTree = "<group>"; };
		C290B471298A83400010ED7C /* MockURLSession.swift */ = {isa = PBXFileReference; lastKnownFileType = sourcecode.swift; path = MockURLSession.swift; sourceTree = "<group>"; };
		C290B473298A91030010ED7C /* RequestFactoryTests.swift */ = {isa = PBXFileReference; lastKnownFileType = sourcecode.swift; path = RequestFactoryTests.swift; sourceTree = "<group>"; };
		C290B479298A96330010ED7C /* ICharactersRepository.swift */ = {isa = PBXFileReference; lastKnownFileType = sourcecode.swift; path = ICharactersRepository.swift; sourceTree = "<group>"; };
		C290B47B298A97060010ED7C /* CharactersRepository.swift */ = {isa = PBXFileReference; lastKnownFileType = sourcecode.swift; path = CharactersRepository.swift; sourceTree = "<group>"; };
		C290B47E298A97810010ED7C /* Character.swift */ = {isa = PBXFileReference; lastKnownFileType = sourcecode.swift; path = Character.swift; sourceTree = "<group>"; };
		C290B482298A9D060010ED7C /* CharactersReponse.swift */ = {isa = PBXFileReference; lastKnownFileType = sourcecode.swift; path = CharactersReponse.swift; sourceTree = "<group>"; };
		C290B486298AB2110010ED7C /* IHttpRequest.swift */ = {isa = PBXFileReference; lastKnownFileType = sourcecode.swift; path = IHttpRequest.swift; sourceTree = "<group>"; };
		C290B488298AB3BF0010ED7C /* IRequestFactory.swift */ = {isa = PBXFileReference; lastKnownFileType = sourcecode.swift; path = IRequestFactory.swift; sourceTree = "<group>"; };
		C2A8AC56298AC4A70068028C /* CharactersRepositoryTests.swift */ = {isa = PBXFileReference; lastKnownFileType = sourcecode.swift; path = CharactersRepositoryTests.swift; sourceTree = "<group>"; };
		C2A8AC58298AC57D0068028C /* MockRequestFactory.swift */ = {isa = PBXFileReference; lastKnownFileType = sourcecode.swift; path = MockRequestFactory.swift; sourceTree = "<group>"; };
		C2A8AC5B298ACEA00068028C /* ILoadCharactersUseCase.swift */ = {isa = PBXFileReference; lastKnownFileType = sourcecode.swift; path = ILoadCharactersUseCase.swift; sourceTree = "<group>"; };
		C2A8AC5E298ACEF20068028C /* LoadCharactersUseCase.swift */ = {isa = PBXFileReference; lastKnownFileType = sourcecode.swift; path = LoadCharactersUseCase.swift; sourceTree = "<group>"; };
		C2A8AC62298AD0E00068028C /* LoadCharactersUseCaseTests.swift */ = {isa = PBXFileReference; lastKnownFileType = sourcecode.swift; path = LoadCharactersUseCaseTests.swift; sourceTree = "<group>"; };
		C2A8AC64298AD12C0068028C /* MockCharactersRepository.swift */ = {isa = PBXFileReference; lastKnownFileType = sourcecode.swift; path = MockCharactersRepository.swift; sourceTree = "<group>"; };
		C2A8AC68298AD5770068028C /* CharacterList.json */ = {isa = PBXFileReference; lastKnownFileType = text.json; path = CharacterList.json; sourceTree = "<group>"; };
		C2A8AC6A298AD6350068028C /* FileLoader.swift */ = {isa = PBXFileReference; lastKnownFileType = sourcecode.swift; path = FileLoader.swift; sourceTree = "<group>"; };
/* End PBXFileReference section */

/* Begin PBXFrameworksBuildPhase section */
		C290B418298979AF0010ED7C /* Frameworks */ = {
			isa = PBXFrameworksBuildPhase;
			buildActionMask = 2147483647;
			files = (
				C290B45629897F740010ED7C /* Resolver in Frameworks */,
			);
			runOnlyForDeploymentPostprocessing = 0;
		};
		C290B42E298979AF0010ED7C /* Frameworks */ = {
			isa = PBXFrameworksBuildPhase;
			buildActionMask = 2147483647;
			files = (
			);
			runOnlyForDeploymentPostprocessing = 0;
		};
/* End PBXFrameworksBuildPhase section */

/* Begin PBXGroup section */
		C290B412298979AF0010ED7C = {
			isa = PBXGroup;
			children = (
				C290B41D298979AF0010ED7C /* RickAndMortyTex */,
				C290B434298979AF0010ED7C /* RickAndMortyTexTests */,
				C290B41C298979AF0010ED7C /* Products */,
			);
			sourceTree = "<group>";
		};
		C290B41C298979AF0010ED7C /* Products */ = {
			isa = PBXGroup;
			children = (
				C290B41B298979AF0010ED7C /* RickAndMortyTex.app */,
				C290B431298979AF0010ED7C /* RickAndMortyTexTests.xctest */,
			);
			name = Products;
			sourceTree = "<group>";
		};
		C290B41D298979AF0010ED7C /* RickAndMortyTex */ = {
			isa = PBXGroup;
			children = (
				C290B44E29897BD60010ED7C /* Source */,
				C290B44F29897BE80010ED7C /* Resources */,
			);
			path = RickAndMortyTex;
			sourceTree = "<group>";
		};
		C290B434298979AF0010ED7C /* RickAndMortyTexTests */ = {
			isa = PBXGroup;
			children = (
				C2A8AC60298AD08F0068028C /* Domain */,
				C290B468298990480010ED7C /* Data */,
				C2A8AC66298AD4EF0068028C /* Helpers */,
				C290B470298A832B0010ED7C /* Mocks */,
				C2A8AC67298AD5370068028C /* Files */,
			);
			path = RickAndMortyTexTests;
			sourceTree = "<group>";
		};
		C290B44E29897BD60010ED7C /* Source */ = {
			isa = PBXGroup;
			children = (
				C290B45029897E410010ED7C /* App */,
				C290B45229897E630010ED7C /* Domain */,
				C290B45129897E5A0010ED7C /* Data */,
				C290B45329897E8E0010ED7C /* Core */,
			);
			path = Source;
			sourceTree = "<group>";
		};
		C290B44F29897BE80010ED7C /* Resources */ = {
			isa = PBXGroup;
			children = (
				C290B427298979AF0010ED7C /* Assets.xcassets */,
				C290B429298979AF0010ED7C /* LaunchScreen.storyboard */,
				C290B42C298979AF0010ED7C /* Info.plist */,
			);
			path = Resources;
			sourceTree = "<group>";
		};
		C290B45029897E410010ED7C /* App */ = {
			isa = PBXGroup;
			children = (
				C2A8AC5A298ACE610068028C /* UseCase */,
				C290B420298979AF0010ED7C /* SceneDelegate.swift */,
				C290B41E298979AF0010ED7C /* AppDelegate.swift */,
				C290B422298979AF0010ED7C /* ViewController.swift */,
			);
			path = App;
			sourceTree = "<group>";
		};
		C290B45129897E5A0010ED7C /* Data */ = {
			isa = PBXGroup;
			children = (
				C290B477298A960C0010ED7C /* Repository */,
				C290B457298981080010ED7C /* Network */,
			);
			path = Data;
			sourceTree = "<group>";
		};
		C290B45229897E630010ED7C /* Domain */ = {
			isa = PBXGroup;
			children = (
				C2A8AC5D298ACEDC0068028C /* UseCase */,
				C290B47D298A97740010ED7C /* Model */,
				C290B478298A96170010ED7C /* Repository */,
			);
			path = Domain;
			sourceTree = "<group>";
		};
		C290B45329897E8E0010ED7C /* Core */ = {
			isa = PBXGroup;
			children = (
				C290B46629898EAF0010ED7C /* DependencyInjection.swift */,
			);
			path = Core;
			sourceTree = "<group>";
		};
		C290B457298981080010ED7C /* Network */ = {
			isa = PBXGroup;
			children = (
				C290B48A298AB3E60010ED7C /* Protocols */,
				C290B46429898CA60010ED7C /* APIConstants.swift */,
				C290B45A298986A40010ED7C /* HttpError.swift */,
				C290B458298981BB0010ED7C /* HttpRequest.swift */,
				C290B45D298987180010ED7C /* HttpResponse.swift */,
				C290B45F29898BF70010ED7C /* RequestFactory.swift */,
			);
			path = Network;
			sourceTree = "<group>";
		};
		C290B468298990480010ED7C /* Data */ = {
			isa = PBXGroup;
			children = (
				C2A8AC53298AC3B00068028C /* Repository */,
				C290B4692989905D0010ED7C /* Network */,
			);
			path = Data;
			sourceTree = "<group>";
		};
		C290B4692989905D0010ED7C /* Network */ = {
			isa = PBXGroup;
			children = (
				C290B46A298991140010ED7C /* HttpResponseTests.swift */,
				C290B46C298995FA0010ED7C /* HttpRequestTests.swift */,
				C290B473298A91030010ED7C /* RequestFactoryTests.swift */,
			);
			path = Network;
			sourceTree = "<group>";
		};
		C290B470298A832B0010ED7C /* Mocks */ = {
			isa = PBXGroup;
			children = (
				C290B471298A83400010ED7C /* MockURLSession.swift */,
				C2A8AC58298AC57D0068028C /* MockRequestFactory.swift */,
				C2A8AC64298AD12C0068028C /* MockCharactersRepository.swift */,
			);
			path = Mocks;
			sourceTree = "<group>";
		};
		C290B477298A960C0010ED7C /* Repository */ = {
			isa = PBXGroup;
			children = (
				C290B47B298A97060010ED7C /* CharactersRepository.swift */,
			);
			path = Repository;
			sourceTree = "<group>";
		};
		C290B478298A96170010ED7C /* Repository */ = {
			isa = PBXGroup;
			children = (
				C290B479298A96330010ED7C /* ICharactersRepository.swift */,
			);
			path = Repository;
			sourceTree = "<group>";
		};
		C290B47D298A97740010ED7C /* Model */ = {
			isa = PBXGroup;
			children = (
				C290B481298A9CE30010ED7C /* Response */,
				C290B47E298A97810010ED7C /* Character.swift */,
			);
			path = Model;
			sourceTree = "<group>";
		};
		C290B481298A9CE30010ED7C /* Response */ = {
			isa = PBXGroup;
			children = (
				C290B482298A9D060010ED7C /* CharactersReponse.swift */,
			);
			path = Response;
			sourceTree = "<group>";
		};
		C290B48A298AB3E60010ED7C /* Protocols */ = {
			isa = PBXGroup;
			children = (
				C290B46E298996A70010ED7C /* IURLSession.swift */,
				C290B486298AB2110010ED7C /* IHttpRequest.swift */,
				C290B488298AB3BF0010ED7C /* IRequestFactory.swift */,
			);
			path = Protocols;
			sourceTree = "<group>";
		};
		C2A8AC53298AC3B00068028C /* Repository */ = {
			isa = PBXGroup;
			children = (
				C2A8AC56298AC4A70068028C /* CharactersRepositoryTests.swift */,
			);
			path = Repository;
			sourceTree = "<group>";
		};
		C2A8AC5A298ACE610068028C /* UseCase */ = {
			isa = PBXGroup;
			children = (
				C2A8AC5B298ACEA00068028C /* ILoadCharactersUseCase.swift */,
			);
			path = UseCase;
			sourceTree = "<group>";
		};
		C2A8AC5D298ACEDC0068028C /* UseCase */ = {
			isa = PBXGroup;
			children = (
				C2A8AC5E298ACEF20068028C /* LoadCharactersUseCase.swift */,
			);
			path = UseCase;
			sourceTree = "<group>";
		};
		C2A8AC60298AD08F0068028C /* Domain */ = {
			isa = PBXGroup;
			children = (
				C2A8AC61298AD0C80068028C /* UseCase */,
			);
			path = Domain;
			sourceTree = "<group>";
		};
		C2A8AC61298AD0C80068028C /* UseCase */ = {
			isa = PBXGroup;
			children = (
				C2A8AC62298AD0E00068028C /* LoadCharactersUseCaseTests.swift */,
			);
			path = UseCase;
			sourceTree = "<group>";
		};
		C2A8AC66298AD4EF0068028C /* Helpers */ = {
			isa = PBXGroup;
			children = (
				C2A8AC6A298AD6350068028C /* FileLoader.swift */,
			);
			path = Helpers;
			sourceTree = "<group>";
		};
		C2A8AC67298AD5370068028C /* Files */ = {
			isa = PBXGroup;
			children = (
				C2A8AC68298AD5770068028C /* CharacterList.json */,
			);
			path = Files;
			sourceTree = "<group>";
		};
/* End PBXGroup section */

/* Begin PBXNativeTarget section */
		C290B41A298979AF0010ED7C /* RickAndMortyTex */ = {
			isa = PBXNativeTarget;
			buildConfigurationList = C290B445298979B00010ED7C /* Build configuration list for PBXNativeTarget "RickAndMortyTex" */;
			buildPhases = (
				C290B417298979AF0010ED7C /* Sources */,
				C290B418298979AF0010ED7C /* Frameworks */,
				C290B419298979AF0010ED7C /* Resources */,
			);
			buildRules = (
			);
			dependencies = (
			);
			name = RickAndMortyTex;
			packageProductDependencies = (
				C290B45529897F740010ED7C /* Resolver */,
			);
			productName = RickAndMortyTex;
			productReference = C290B41B298979AF0010ED7C /* RickAndMortyTex.app */;
			productType = "com.apple.product-type.application";
		};
		C290B430298979AF0010ED7C /* RickAndMortyTexTests */ = {
			isa = PBXNativeTarget;
			buildConfigurationList = C290B448298979B00010ED7C /* Build configuration list for PBXNativeTarget "RickAndMortyTexTests" */;
			buildPhases = (
				C290B42D298979AF0010ED7C /* Sources */,
				C290B42E298979AF0010ED7C /* Frameworks */,
				C290B42F298979AF0010ED7C /* Resources */,
			);
			buildRules = (
			);
			dependencies = (
				C290B433298979AF0010ED7C /* PBXTargetDependency */,
			);
			name = RickAndMortyTexTests;
			productName = RickAndMortyTexTests;
			productReference = C290B431298979AF0010ED7C /* RickAndMortyTexTests.xctest */;
			productType = "com.apple.product-type.bundle.unit-test";
		};
/* End PBXNativeTarget section */

/* Begin PBXProject section */
		C290B413298979AF0010ED7C /* Project object */ = {
			isa = PBXProject;
			attributes = {
				BuildIndependentTargetsInParallel = 1;
				LastSwiftUpdateCheck = 1420;
				LastUpgradeCheck = 1420;
				TargetAttributes = {
					C290B41A298979AF0010ED7C = {
						CreatedOnToolsVersion = 14.2;
					};
					C290B430298979AF0010ED7C = {
						CreatedOnToolsVersion = 14.2;
						TestTargetID = C290B41A298979AF0010ED7C;
					};
				};
			};
			buildConfigurationList = C290B416298979AF0010ED7C /* Build configuration list for PBXProject "RickAndMortyTex" */;
			compatibilityVersion = "Xcode 14.0";
			developmentRegion = en;
			hasScannedForEncodings = 0;
			knownRegions = (
				en,
				Base,
			);
			mainGroup = C290B412298979AF0010ED7C;
			packageReferences = (
				C290B45429897F740010ED7C /* XCRemoteSwiftPackageReference "Resolver" */,
			);
			productRefGroup = C290B41C298979AF0010ED7C /* Products */;
			projectDirPath = "";
			projectRoot = "";
			targets = (
				C290B41A298979AF0010ED7C /* RickAndMortyTex */,
				C290B430298979AF0010ED7C /* RickAndMortyTexTests */,
			);
		};
/* End PBXProject section */

/* Begin PBXResourcesBuildPhase section */
		C290B419298979AF0010ED7C /* Resources */ = {
			isa = PBXResourcesBuildPhase;
			buildActionMask = 2147483647;
			files = (
				C290B42B298979AF0010ED7C /* LaunchScreen.storyboard in Resources */,
				C290B428298979AF0010ED7C /* Assets.xcassets in Resources */,
			);
			runOnlyForDeploymentPostprocessing = 0;
		};
		C290B42F298979AF0010ED7C /* Resources */ = {
			isa = PBXResourcesBuildPhase;
			buildActionMask = 2147483647;
			files = (
				C2A8AC69298AD5770068028C /* CharacterList.json in Resources */,
			);
			runOnlyForDeploymentPostprocessing = 0;
		};
/* End PBXResourcesBuildPhase section */

/* Begin PBXSourcesBuildPhase section */
		C290B417298979AF0010ED7C /* Sources */ = {
			isa = PBXSourcesBuildPhase;
			buildActionMask = 2147483647;
			files = (
				C290B483298A9D060010ED7C /* CharactersReponse.swift in Sources */,
				C2A8AC5F298ACEF20068028C /* LoadCharactersUseCase.swift in Sources */,
				C290B47F298A97810010ED7C /* Character.swift in Sources */,
				C290B45E298987180010ED7C /* HttpResponse.swift in Sources */,
				C290B487298AB2110010ED7C /* IHttpRequest.swift in Sources */,
				C290B47C298A97060010ED7C /* CharactersRepository.swift in Sources */,
				C290B423298979AF0010ED7C /* ViewController.swift in Sources */,
				C290B459298981BB0010ED7C /* HttpRequest.swift in Sources */,
				C290B46029898BF70010ED7C /* RequestFactory.swift in Sources */,
				C290B47A298A96330010ED7C /* ICharactersRepository.swift in Sources */,
				C290B46529898CA60010ED7C /* APIConstants.swift in Sources */,
				C2A8AC5C298ACEA00068028C /* ILoadCharactersUseCase.swift in Sources */,
				C290B489298AB3BF0010ED7C /* IRequestFactory.swift in Sources */,
				C290B46729898EAF0010ED7C /* DependencyInjection.swift in Sources */,
				C290B45B298986A40010ED7C /* HttpError.swift in Sources */,
				C290B41F298979AF0010ED7C /* AppDelegate.swift in Sources */,
				C290B46F298996A70010ED7C /* IURLSession.swift in Sources */,
				C290B421298979AF0010ED7C /* SceneDelegate.swift in Sources */,
			);
			runOnlyForDeploymentPostprocessing = 0;
		};
		C290B42D298979AF0010ED7C /* Sources */ = {
			isa = PBXSourcesBuildPhase;
			buildActionMask = 2147483647;
			files = (
				C290B474298A91030010ED7C /* RequestFactoryTests.swift in Sources */,
				C290B472298A83400010ED7C /* MockURLSession.swift in Sources */,
				C290B46B298991140010ED7C /* HttpResponseTests.swift in Sources */,
				C2A8AC65298AD12C0068028C /* MockCharactersRepository.swift in Sources */,
				C290B46D298995FA0010ED7C /* HttpRequestTests.swift in Sources */,
				C2A8AC59298AC57D0068028C /* MockRequestFactory.swift in Sources */,
				C2A8AC6B298AD6350068028C /* FileLoader.swift in Sources */,
				C2A8AC57298AC4A70068028C /* CharactersRepositoryTests.swift in Sources */,
				C2A8AC63298AD0E00068028C /* LoadCharactersUseCaseTests.swift in Sources */,
			);
			runOnlyForDeploymentPostprocessing = 0;
		};
/* End PBXSourcesBuildPhase section */

/* Begin PBXTargetDependency section */
		C290B433298979AF0010ED7C /* PBXTargetDependency */ = {
			isa = PBXTargetDependency;
			target = C290B41A298979AF0010ED7C /* RickAndMortyTex */;
			targetProxy = C290B432298979AF0010ED7C /* PBXContainerItemProxy */;
		};
/* End PBXTargetDependency section */

/* Begin PBXVariantGroup section */
		C290B429298979AF0010ED7C /* LaunchScreen.storyboard */ = {
			isa = PBXVariantGroup;
			children = (
				C290B42A298979AF0010ED7C /* Base */,
			);
			name = LaunchScreen.storyboard;
			sourceTree = "<group>";
		};
/* End PBXVariantGroup section */

/* Begin XCBuildConfiguration section */
		C290B443298979B00010ED7C /* Debug */ = {
			isa = XCBuildConfiguration;
			buildSettings = {
				ALWAYS_SEARCH_USER_PATHS = NO;
				CLANG_ANALYZER_NONNULL = YES;
				CLANG_ANALYZER_NUMBER_OBJECT_CONVERSION = YES_AGGRESSIVE;
				CLANG_CXX_LANGUAGE_STANDARD = "gnu++20";
				CLANG_ENABLE_MODULES = YES;
				CLANG_ENABLE_OBJC_ARC = YES;
				CLANG_ENABLE_OBJC_WEAK = YES;
				CLANG_WARN_BLOCK_CAPTURE_AUTORELEASING = YES;
				CLANG_WARN_BOOL_CONVERSION = YES;
				CLANG_WARN_COMMA = YES;
				CLANG_WARN_CONSTANT_CONVERSION = YES;
				CLANG_WARN_DEPRECATED_OBJC_IMPLEMENTATIONS = YES;
				CLANG_WARN_DIRECT_OBJC_ISA_USAGE = YES_ERROR;
				CLANG_WARN_DOCUMENTATION_COMMENTS = YES;
				CLANG_WARN_EMPTY_BODY = YES;
				CLANG_WARN_ENUM_CONVERSION = YES;
				CLANG_WARN_INFINITE_RECURSION = YES;
				CLANG_WARN_INT_CONVERSION = YES;
				CLANG_WARN_NON_LITERAL_NULL_CONVERSION = YES;
				CLANG_WARN_OBJC_IMPLICIT_RETAIN_SELF = YES;
				CLANG_WARN_OBJC_LITERAL_CONVERSION = YES;
				CLANG_WARN_OBJC_ROOT_CLASS = YES_ERROR;
				CLANG_WARN_QUOTED_INCLUDE_IN_FRAMEWORK_HEADER = YES;
				CLANG_WARN_RANGE_LOOP_ANALYSIS = YES;
				CLANG_WARN_STRICT_PROTOTYPES = YES;
				CLANG_WARN_SUSPICIOUS_MOVE = YES;
				CLANG_WARN_UNGUARDED_AVAILABILITY = YES_AGGRESSIVE;
				CLANG_WARN_UNREACHABLE_CODE = YES;
				CLANG_WARN__DUPLICATE_METHOD_MATCH = YES;
				COPY_PHASE_STRIP = NO;
				DEBUG_INFORMATION_FORMAT = dwarf;
				ENABLE_STRICT_OBJC_MSGSEND = YES;
				ENABLE_TESTABILITY = YES;
				GCC_C_LANGUAGE_STANDARD = gnu11;
				GCC_DYNAMIC_NO_PIC = NO;
				GCC_NO_COMMON_BLOCKS = YES;
				GCC_OPTIMIZATION_LEVEL = 0;
				GCC_PREPROCESSOR_DEFINITIONS = (
					"DEBUG=1",
					"$(inherited)",
				);
				GCC_WARN_64_TO_32_BIT_CONVERSION = YES;
				GCC_WARN_ABOUT_RETURN_TYPE = YES_ERROR;
				GCC_WARN_UNDECLARED_SELECTOR = YES;
				GCC_WARN_UNINITIALIZED_AUTOS = YES_AGGRESSIVE;
				GCC_WARN_UNUSED_FUNCTION = YES;
				GCC_WARN_UNUSED_VARIABLE = YES;
				IPHONEOS_DEPLOYMENT_TARGET = 16.2;
				MTL_ENABLE_DEBUG_INFO = INCLUDE_SOURCE;
				MTL_FAST_MATH = YES;
				ONLY_ACTIVE_ARCH = YES;
				SDKROOT = iphoneos;
				SWIFT_ACTIVE_COMPILATION_CONDITIONS = DEBUG;
				SWIFT_OPTIMIZATION_LEVEL = "-Onone";
			};
			name = Debug;
		};
		C290B444298979B00010ED7C /* Release */ = {
			isa = XCBuildConfiguration;
			buildSettings = {
				ALWAYS_SEARCH_USER_PATHS = NO;
				CLANG_ANALYZER_NONNULL = YES;
				CLANG_ANALYZER_NUMBER_OBJECT_CONVERSION = YES_AGGRESSIVE;
				CLANG_CXX_LANGUAGE_STANDARD = "gnu++20";
				CLANG_ENABLE_MODULES = YES;
				CLANG_ENABLE_OBJC_ARC = YES;
				CLANG_ENABLE_OBJC_WEAK = YES;
				CLANG_WARN_BLOCK_CAPTURE_AUTORELEASING = YES;
				CLANG_WARN_BOOL_CONVERSION = YES;
				CLANG_WARN_COMMA = YES;
				CLANG_WARN_CONSTANT_CONVERSION = YES;
				CLANG_WARN_DEPRECATED_OBJC_IMPLEMENTATIONS = YES;
				CLANG_WARN_DIRECT_OBJC_ISA_USAGE = YES_ERROR;
				CLANG_WARN_DOCUMENTATION_COMMENTS = YES;
				CLANG_WARN_EMPTY_BODY = YES;
				CLANG_WARN_ENUM_CONVERSION = YES;
				CLANG_WARN_INFINITE_RECURSION = YES;
				CLANG_WARN_INT_CONVERSION = YES;
				CLANG_WARN_NON_LITERAL_NULL_CONVERSION = YES;
				CLANG_WARN_OBJC_IMPLICIT_RETAIN_SELF = YES;
				CLANG_WARN_OBJC_LITERAL_CONVERSION = YES;
				CLANG_WARN_OBJC_ROOT_CLASS = YES_ERROR;
				CLANG_WARN_QUOTED_INCLUDE_IN_FRAMEWORK_HEADER = YES;
				CLANG_WARN_RANGE_LOOP_ANALYSIS = YES;
				CLANG_WARN_STRICT_PROTOTYPES = YES;
				CLANG_WARN_SUSPICIOUS_MOVE = YES;
				CLANG_WARN_UNGUARDED_AVAILABILITY = YES_AGGRESSIVE;
				CLANG_WARN_UNREACHABLE_CODE = YES;
				CLANG_WARN__DUPLICATE_METHOD_MATCH = YES;
				COPY_PHASE_STRIP = NO;
				DEBUG_INFORMATION_FORMAT = "dwarf-with-dsym";
				ENABLE_NS_ASSERTIONS = NO;
				ENABLE_STRICT_OBJC_MSGSEND = YES;
				GCC_C_LANGUAGE_STANDARD = gnu11;
				GCC_NO_COMMON_BLOCKS = YES;
				GCC_WARN_64_TO_32_BIT_CONVERSION = YES;
				GCC_WARN_ABOUT_RETURN_TYPE = YES_ERROR;
				GCC_WARN_UNDECLARED_SELECTOR = YES;
				GCC_WARN_UNINITIALIZED_AUTOS = YES_AGGRESSIVE;
				GCC_WARN_UNUSED_FUNCTION = YES;
				GCC_WARN_UNUSED_VARIABLE = YES;
				IPHONEOS_DEPLOYMENT_TARGET = 16.2;
				MTL_ENABLE_DEBUG_INFO = NO;
				MTL_FAST_MATH = YES;
				SDKROOT = iphoneos;
				SWIFT_COMPILATION_MODE = wholemodule;
				SWIFT_OPTIMIZATION_LEVEL = "-O";
				VALIDATE_PRODUCT = YES;
			};
			name = Release;
		};
		C290B446298979B00010ED7C /* Debug */ = {
			isa = XCBuildConfiguration;
			buildSettings = {
				ASSETCATALOG_COMPILER_APPICON_NAME = AppIcon;
				ASSETCATALOG_COMPILER_GLOBAL_ACCENT_COLOR_NAME = AccentColor;
				CODE_SIGN_STYLE = Automatic;
				CURRENT_PROJECT_VERSION = 1;
				DEVELOPMENT_TEAM = 4FNVX78BDY;
				GENERATE_INFOPLIST_FILE = YES;
				INFOPLIST_FILE = RickAndMortyTex/Info.plist;
				INFOPLIST_KEY_UIApplicationSupportsIndirectInputEvents = YES;
				INFOPLIST_KEY_UILaunchStoryboardName = LaunchScreen;
				INFOPLIST_KEY_UIRequiresFullScreen = YES;
				INFOPLIST_KEY_UISupportedInterfaceOrientations = UIInterfaceOrientationPortrait;
				LD_RUNPATH_SEARCH_PATHS = (
					"$(inherited)",
					"@executable_path/Frameworks",
				);
				MARKETING_VERSION = 1.0;
				PRODUCT_BUNDLE_IDENTIFIER = com.ruralnerd.com.RickAndMortyTex;
				PRODUCT_NAME = "$(TARGET_NAME)";
				SUPPORTED_PLATFORMS = "iphoneos iphonesimulator";
				SUPPORTS_MACCATALYST = NO;
				SUPPORTS_MAC_DESIGNED_FOR_IPHONE_IPAD = NO;
				SWIFT_EMIT_LOC_STRINGS = YES;
				SWIFT_VERSION = 5.0;
				TARGETED_DEVICE_FAMILY = 1;
			};
			name = Debug;
		};
		C290B447298979B00010ED7C /* Release */ = {
			isa = XCBuildConfiguration;
			buildSettings = {
				ASSETCATALOG_COMPILER_APPICON_NAME = AppIcon;
				ASSETCATALOG_COMPILER_GLOBAL_ACCENT_COLOR_NAME = AccentColor;
				CODE_SIGN_STYLE = Automatic;
				CURRENT_PROJECT_VERSION = 1;
				DEVELOPMENT_TEAM = 4FNVX78BDY;
				GENERATE_INFOPLIST_FILE = YES;
				INFOPLIST_FILE = RickAndMortyTex/Info.plist;
				INFOPLIST_KEY_UIApplicationSupportsIndirectInputEvents = YES;
				INFOPLIST_KEY_UILaunchStoryboardName = LaunchScreen;
				INFOPLIST_KEY_UIRequiresFullScreen = YES;
				INFOPLIST_KEY_UISupportedInterfaceOrientations = UIInterfaceOrientationPortrait;
				LD_RUNPATH_SEARCH_PATHS = (
					"$(inherited)",
					"@executable_path/Frameworks",
				);
				MARKETING_VERSION = 1.0;
				PRODUCT_BUNDLE_IDENTIFIER = com.ruralnerd.com.RickAndMortyTex;
				PRODUCT_NAME = "$(TARGET_NAME)";
				SUPPORTED_PLATFORMS = "iphoneos iphonesimulator";
				SUPPORTS_MACCATALYST = NO;
				SUPPORTS_MAC_DESIGNED_FOR_IPHONE_IPAD = NO;
				SWIFT_EMIT_LOC_STRINGS = YES;
				SWIFT_VERSION = 5.0;
				TARGETED_DEVICE_FAMILY = 1;
			};
			name = Release;
		};
		C290B449298979B00010ED7C /* Debug */ = {
			isa = XCBuildConfiguration;
			buildSettings = {
				ALWAYS_EMBED_SWIFT_STANDARD_LIBRARIES = YES;
				BUNDLE_LOADER = "$(TEST_HOST)";
				CODE_SIGN_STYLE = Automatic;
				CURRENT_PROJECT_VERSION = 1;
				DEVELOPMENT_TEAM = 4FNVX78BDY;
				GENERATE_INFOPLIST_FILE = YES;
				IPHONEOS_DEPLOYMENT_TARGET = 16.2;
				MARKETING_VERSION = 1.0;
				PRODUCT_BUNDLE_IDENTIFIER = com.ruralnerd.com.RickAndMortyTexTests;
				PRODUCT_NAME = "$(TARGET_NAME)";
				SWIFT_EMIT_LOC_STRINGS = NO;
				SWIFT_VERSION = 5.0;
				TARGETED_DEVICE_FAMILY = "1,2";
				TEST_HOST = "$(BUILT_PRODUCTS_DIR)/RickAndMortyTex.app/$(BUNDLE_EXECUTABLE_FOLDER_PATH)/RickAndMortyTex";
			};
			name = Debug;
		};
		C290B44A298979B00010ED7C /* Release */ = {
			isa = XCBuildConfiguration;
			buildSettings = {
				ALWAYS_EMBED_SWIFT_STANDARD_LIBRARIES = YES;
				BUNDLE_LOADER = "$(TEST_HOST)";
				CODE_SIGN_STYLE = Automatic;
				CURRENT_PROJECT_VERSION = 1;
				DEVELOPMENT_TEAM = 4FNVX78BDY;
				GENERATE_INFOPLIST_FILE = YES;
				IPHONEOS_DEPLOYMENT_TARGET = 16.2;
				MARKETING_VERSION = 1.0;
				PRODUCT_BUNDLE_IDENTIFIER = com.ruralnerd.com.RickAndMortyTexTests;
				PRODUCT_NAME = "$(TARGET_NAME)";
				SWIFT_EMIT_LOC_STRINGS = NO;
				SWIFT_VERSION = 5.0;
				TARGETED_DEVICE_FAMILY = "1,2";
				TEST_HOST = "$(BUILT_PRODUCTS_DIR)/RickAndMortyTex.app/$(BUNDLE_EXECUTABLE_FOLDER_PATH)/RickAndMortyTex";
			};
			name = Release;
		};
/* End XCBuildConfiguration section */

/* Begin XCConfigurationList section */
		C290B416298979AF0010ED7C /* Build configuration list for PBXProject "RickAndMortyTex" */ = {
			isa = XCConfigurationList;
			buildConfigurations = (
				C290B443298979B00010ED7C /* Debug */,
				C290B444298979B00010ED7C /* Release */,
			);
			defaultConfigurationIsVisible = 0;
			defaultConfigurationName = Release;
		};
		C290B445298979B00010ED7C /* Build configuration list for PBXNativeTarget "RickAndMortyTex" */ = {
			isa = XCConfigurationList;
			buildConfigurations = (
				C290B446298979B00010ED7C /* Debug */,
				C290B447298979B00010ED7C /* Release */,
			);
			defaultConfigurationIsVisible = 0;
			defaultConfigurationName = Release;
		};
		C290B448298979B00010ED7C /* Build configuration list for PBXNativeTarget "RickAndMortyTexTests" */ = {
			isa = XCConfigurationList;
			buildConfigurations = (
				C290B449298979B00010ED7C /* Debug */,
				C290B44A298979B00010ED7C /* Release */,
			);
			defaultConfigurationIsVisible = 0;
			defaultConfigurationName = Release;
		};
/* End XCConfigurationList section */

/* Begin XCRemoteSwiftPackageReference section */
		C290B45429897F740010ED7C /* XCRemoteSwiftPackageReference "Resolver" */ = {
			isa = XCRemoteSwiftPackageReference;
			repositoryURL = "https://github.com/hmlongco/Resolver";
			requirement = {
				kind = exactVersion;
				version = 1.5.0;
			};
		};
/* End XCRemoteSwiftPackageReference section */

/* Begin XCSwiftPackageProductDependency section */
		C290B45529897F740010ED7C /* Resolver */ = {
			isa = XCSwiftPackageProductDependency;
			package = C290B45429897F740010ED7C /* XCRemoteSwiftPackageReference "Resolver" */;
			productName = Resolver;
		};
/* End XCSwiftPackageProductDependency section */
	};
	rootObject = C290B413298979AF0010ED7C /* Project object */;
}
